// !$*UTF8*$!
{
	archiveVersion = 1;
	classes = {
	};
	objectVersion = 46;
	objects = {

/* Begin PBXBuildFile section */
		862887831B3CEE13009F3235 /* main.m in Sources */ = {isa = PBXBuildFile; fileRef = 862887821B3CEE13009F3235 /* main.m */; };
		862887861B3CEE13009F3235 /* AppDelegate.m in Sources */ = {isa = PBXBuildFile; fileRef = 862887851B3CEE13009F3235 /* AppDelegate.m */; };
		8628878E1B3CEE13009F3235 /* Images.xcassets in Resources */ = {isa = PBXBuildFile; fileRef = 8628878D1B3CEE13009F3235 /* Images.xcassets */; };
		862887911B3CEE13009F3235 /* LaunchScreen.xib in Resources */ = {isa = PBXBuildFile; fileRef = 8628878F1B3CEE13009F3235 /* LaunchScreen.xib */; };
		8628879D1B3CEE13009F3235 /* TouchTrackerTests.m in Sources */ = {isa = PBXBuildFile; fileRef = 8628879C1B3CEE13009F3235 /* TouchTrackerTests.m */; };
		862887A81B3CEED8009F3235 /* LRDLine.m in Sources */ = {isa = PBXBuildFile; fileRef = 862887A71B3CEED8009F3235 /* LRDLine.m */; };
		862887AB1B3CF1C0009F3235 /* LRDDrawView.m in Sources */ = {isa = PBXBuildFile; fileRef = 862887AA1B3CF1C0009F3235 /* LRDDrawView.m */; };
		862887AE1B3CF2A7009F3235 /* LRDDrawViewController.m in Sources */ = {isa = PBXBuildFile; fileRef = 862887AD1B3CF2A7009F3235 /* LRDDrawViewController.m */; };
/* End PBXBuildFile section */

/* Begin PBXContainerItemProxy section */
		862887971B3CEE13009F3235 /* PBXContainerItemProxy */ = {
			isa = PBXContainerItemProxy;
			containerPortal = 862887751B3CEE13009F3235 /* Project object */;
			proxyType = 1;
			remoteGlobalIDString = 8628877C1B3CEE13009F3235;
			remoteInfo = TouchTracker;
		};
/* End PBXContainerItemProxy section */

/* Begin PBXFileReference section */
		8628877D1B3CEE13009F3235 /* TouchTracker.app */ = {isa = PBXFileReference; explicitFileType = wrapper.application; includeInIndex = 0; path = TouchTracker.app; sourceTree = BUILT_PRODUCTS_DIR; };
		862887811B3CEE13009F3235 /* Info.plist */ = {isa = PBXFileReference; lastKnownFileType = text.plist.xml; path = Info.plist; sourceTree = "<group>"; };
		862887821B3CEE13009F3235 /* main.m */ = {isa = PBXFileReference; lastKnownFileType = sourcecode.c.objc; path = main.m; sourceTree = "<group>"; };
		862887841B3CEE13009F3235 /* AppDelegate.h */ = {isa = PBXFileReference; lastKnownFileType = sourcecode.c.h; path = AppDelegate.h; sourceTree = "<group>"; };
		862887851B3CEE13009F3235 /* AppDelegate.m */ = {isa = PBXFileReference; lastKnownFileType = sourcecode.c.objc; path = AppDelegate.m; sourceTree = "<group>"; };
		8628878D1B3CEE13009F3235 /* Images.xcassets */ = {isa = PBXFileReference; lastKnownFileType = folder.assetcatalog; path = Images.xcassets; sourceTree = "<group>"; };
		862887901B3CEE13009F3235 /* Base */ = {isa = PBXFileReference; lastKnownFileType = file.xib; name = Base; path = Base.lproj/LaunchScreen.xib; sourceTree = "<group>"; };
		862887961B3CEE13009F3235 /* TouchTrackerTests.xctest */ = {isa = PBXFileReference; explicitFileType = wrapper.cfbundle; includeInIndex = 0; path = TouchTrackerTests.xctest; sourceTree = BUILT_PRODUCTS_DIR; };
		8628879B1B3CEE13009F3235 /* Info.plist */ = {isa = PBXFileReference; lastKnownFileType = text.plist.xml; path = Info.plist; sourceTree = "<group>"; };
		8628879C1B3CEE13009F3235 /* TouchTrackerTests.m */ = {isa = PBXFileReference; lastKnownFileType = sourcecode.c.objc; path = TouchTrackerTests.m; sourceTree = "<group>"; };
		862887A61B3CEED8009F3235 /* LRDLine.h */ = {isa = PBXFileReference; fileEncoding = 4; lastKnownFileType = sourcecode.c.h; path = LRDLine.h; sourceTree = "<group>"; };
		862887A71B3CEED8009F3235 /* LRDLine.m */ = {isa = PBXFileReference; fileEncoding = 4; lastKnownFileType = sourcecode.c.objc; path = LRDLine.m; sourceTree = "<group>"; };
		862887A91B3CF1C0009F3235 /* LRDDrawView.h */ = {isa = PBXFileReference; fileEncoding = 4; lastKnownFileType = sourcecode.c.h; path = LRDDrawView.h; sourceTree = "<group>"; };
		862887AA1B3CF1C0009F3235 /* LRDDrawView.m */ = {isa = PBXFileReference; fileEncoding = 4; lastKnownFileType = sourcecode.c.objc; path = LRDDrawView.m; sourceTree = "<group>"; };
		862887AC1B3CF2A7009F3235 /* LRDDrawViewController.h */ = {isa = PBXFileReference; fileEncoding = 4; lastKnownFileType = sourcecode.c.h; path = LRDDrawViewController.h; sourceTree = "<group>"; };
		862887AD1B3CF2A7009F3235 /* LRDDrawViewController.m */ = {isa = PBXFileReference; fileEncoding = 4; lastKnownFileType = sourcecode.c.objc; path = LRDDrawViewController.m; sourceTree = "<group>"; };
/* End PBXFileReference section */

/* Begin PBXFrameworksBuildPhase section */
		8628877A1B3CEE13009F3235 /* Frameworks */ = {
			isa = PBXFrameworksBuildPhase;
			buildActionMask = 2147483647;
			files = (
			);
			runOnlyForDeploymentPostprocessing = 0;
		};
		862887931B3CEE13009F3235 /* Frameworks */ = {
			isa = PBXFrameworksBuildPhase;
			buildActionMask = 2147483647;
			files = (
			);
			runOnlyForDeploymentPostprocessing = 0;
		};
/* End PBXFrameworksBuildPhase section */

/* Begin PBXGroup section */
		862887741B3CEE13009F3235 = {
			isa = PBXGroup;
			children = (
				8628877F1B3CEE13009F3235 /* TouchTracker */,
				862887991B3CEE13009F3235 /* TouchTrackerTests */,
				8628877E1B3CEE13009F3235 /* Products */,
			);
			sourceTree = "<group>";
		};
		8628877E1B3CEE13009F3235 /* Products */ = {
			isa = PBXGroup;
			children = (
				8628877D1B3CEE13009F3235 /* TouchTracker.app */,
				862887961B3CEE13009F3235 /* TouchTrackerTests.xctest */,
			);
			name = Products;
			sourceTree = "<group>";
		};
		8628877F1B3CEE13009F3235 /* TouchTracker */ = {
			isa = PBXGroup;
			children = (
				862887841B3CEE13009F3235 /* AppDelegate.h */,
				862887851B3CEE13009F3235 /* AppDelegate.m */,
				8628878D1B3CEE13009F3235 /* Images.xcassets */,
				8628878F1B3CEE13009F3235 /* LaunchScreen.xib */,
				862887801B3CEE13009F3235 /* Supporting Files */,
				862887A61B3CEED8009F3235 /* LRDLine.h */,
				862887A71B3CEED8009F3235 /* LRDLine.m */,
				862887A91B3CF1C0009F3235 /* LRDDrawView.h */,
				862887AA1B3CF1C0009F3235 /* LRDDrawView.m */,
				862887AC1B3CF2A7009F3235 /* LRDDrawViewController.h */,
				862887AD1B3CF2A7009F3235 /* LRDDrawViewController.m */,
			);
			path = TouchTracker;
			sourceTree = "<group>";
		};
		862887801B3CEE13009F3235 /* Supporting Files */ = {
			isa = PBXGroup;
			children = (
				862887811B3CEE13009F3235 /* Info.plist */,
				862887821B3CEE13009F3235 /* main.m */,
			);
			name = "Supporting Files";
			sourceTree = "<group>";
		};
		862887991B3CEE13009F3235 /* TouchTrackerTests */ = {
			isa = PBXGroup;
			children = (
				8628879C1B3CEE13009F3235 /* TouchTrackerTests.m */,
				8628879A1B3CEE13009F3235 /* Supporting Files */,
			);
			path = TouchTrackerTests;
			sourceTree = "<group>";
		};
		8628879A1B3CEE13009F3235 /* Supporting Files */ = {
			isa = PBXGroup;
			children = (
				8628879B1B3CEE13009F3235 /* Info.plist */,
			);
			name = "Supporting Files";
			sourceTree = "<group>";
		};
/* End PBXGroup section */

/* Begin PBXNativeTarget section */
		8628877C1B3CEE13009F3235 /* TouchTracker */ = {
			isa = PBXNativeTarget;
			buildConfigurationList = 862887A01B3CEE13009F3235 /* Build configuration list for PBXNativeTarget "TouchTracker" */;
			buildPhases = (
				862887791B3CEE13009F3235 /* Sources */,
				8628877A1B3CEE13009F3235 /* Frameworks */,
				8628877B1B3CEE13009F3235 /* Resources */,
			);
			buildRules = (
			);
			dependencies = (
			);
			name = TouchTracker;
			productName = TouchTracker;
			productReference = 8628877D1B3CEE13009F3235 /* TouchTracker.app */;
			productType = "com.apple.product-type.application";
		};
		862887951B3CEE13009F3235 /* TouchTrackerTests */ = {
			isa = PBXNativeTarget;
			buildConfigurationList = 862887A31B3CEE13009F3235 /* Build configuration list for PBXNativeTarget "TouchTrackerTests" */;
			buildPhases = (
				862887921B3CEE13009F3235 /* Sources */,
				862887931B3CEE13009F3235 /* Frameworks */,
				862887941B3CEE13009F3235 /* Resources */,
			);
			buildRules = (
			);
			dependencies = (
				862887981B3CEE13009F3235 /* PBXTargetDependency */,
			);
			name = TouchTrackerTests;
			productName = TouchTrackerTests;
			productReference = 862887961B3CEE13009F3235 /* TouchTrackerTests.xctest */;
			productType = "com.apple.product-type.bundle.unit-test";
		};
/* End PBXNativeTarget section */

/* Begin PBXProject section */
		862887751B3CEE13009F3235 /* Project object */ = {
			isa = PBXProject;
			attributes = {
				LastUpgradeCheck = 0630;
				ORGANIZATIONNAME = "张林";
				TargetAttributes = {
					8628877C1B3CEE13009F3235 = {
						CreatedOnToolsVersion = 6.3.2;
					};
					862887951B3CEE13009F3235 = {
						CreatedOnToolsVersion = 6.3.2;
						TestTargetID = 8628877C1B3CEE13009F3235;
					};
				};
			};
			buildConfigurationList = 862887781B3CEE13009F3235 /* Build configuration list for PBXProject "TouchTracker" */;
			compatibilityVersion = "Xcode 3.2";
			developmentRegion = English;
			hasScannedForEncodings = 0;
			knownRegions = (
				en,
				Base,
			);
			mainGroup = 862887741B3CEE13009F3235;
			productRefGroup = 8628877E1B3CEE13009F3235 /* Products */;
			projectDirPath = "";
			projectRoot = "";
			targets = (
				8628877C1B3CEE13009F3235 /* TouchTracker */,
				862887951B3CEE13009F3235 /* TouchTrackerTests */,
			);
		};
/* End PBXProject section */

/* Begin PBXResourcesBuildPhase section */
		8628877B1B3CEE13009F3235 /* Resources */ = {
			isa = PBXResourcesBuildPhase;
			buildActionMask = 2147483647;
			files = (
				862887911B3CEE13009F3235 /* LaunchScreen.xib in Resources */,
				8628878E1B3CEE13009F3235 /* Images.xcassets in Resources */,
			);
			runOnlyForDeploymentPostprocessing = 0;
		};
		862887941B3CEE13009F3235 /* Resources */ = {
			isa = PBXResourcesBuildPhase;
			buildActionMask = 2147483647;
			files = (
			);
			runOnlyForDeploymentPostprocessing = 0;
		};
/* End PBXResourcesBuildPhase section */

/* Begin PBXSourcesBuildPhase section */
		862887791B3CEE13009F3235 /* Sources */ = {
			isa = PBXSourcesBuildPhase;
			buildActionMask = 2147483647;
			files = (
				862887A81B3CEED8009F3235 /* LRDLine.m in Sources */,
				862887AE1B3CF2A7009F3235 /* LRDDrawViewController.m in Sources */,
				862887861B3CEE13009F3235 /* AppDelegate.m in Sources */,
				862887831B3CEE13009F3235 /* main.m in Sources */,
				862887AB1B3CF1C0009F3235 /* LRDDrawView.m in Sources */,
			);
			runOnlyForDeploymentPostprocessing = 0;
		};
		862887921B3CEE13009F3235 /* Sources */ = {
			isa = PBXSourcesBuildPhase;
			buildActionMask = 2147483647;
			files = (
				8628879D1B3CEE13009F3235 /* TouchTrackerTests.m in Sources */,
			);
			runOnlyForDeploymentPostprocessing = 0;
		};
/* End PBXSourcesBuildPhase section */

/* Begin PBXTargetDependency section */
		862887981B3CEE13009F3235 /* PBXTargetDependency */ = {
			isa = PBXTargetDependency;
			target = 8628877C1B3CEE13009F3235 /* TouchTracker */;
			targetProxy = 862887971B3CEE13009F3235 /* PBXContainerItemProxy */;
		};
/* End PBXTargetDependency section */

/* Begin PBXVariantGroup section */
		8628878F1B3CEE13009F3235 /* LaunchScreen.xib */ = {
			isa = PBXVariantGroup;
			children = (
				862887901B3CEE13009F3235 /* Base */,
			);
			name = LaunchScreen.xib;
			sourceTree = "<group>";
		};
/* End PBXVariantGroup section */

/* Begin XCBuildConfiguration section */
		8628879E1B3CEE13009F3235 /* Debug */ = {
			isa = XCBuildConfiguration;
			buildSettings = {
				ALWAYS_SEARCH_USER_PATHS = NO;
				CLANG_CXX_LANGUAGE_STANDARD = "gnu++0x";
				CLANG_CXX_LIBRARY = "libc++";
				CLANG_ENABLE_MODULES = YES;
				CLANG_ENABLE_OBJC_ARC = YES;
				CLANG_WARN_BOOL_CONVERSION = YES;
				CLANG_WARN_CONSTANT_CONVERSION = YES;
				CLANG_WARN_DIRECT_OBJC_ISA_USAGE = YES_ERROR;
				CLANG_WARN_EMPTY_BODY = YES;
				CLANG_WARN_ENUM_CONVERSION = YES;
				CLANG_WARN_INT_CONVERSION = YES;
				CLANG_WARN_OBJC_ROOT_CLASS = YES_ERROR;
				CLANG_WARN_UNREACHABLE_CODE = YES;
				CLANG_WARN__DUPLICATE_METHOD_MATCH = YES;
				"CODE_SIGN_IDENTITY[sdk=iphoneos*]" = "iPhone Developer";
				COPY_PHASE_STRIP = NO;
				DEBUG_INFORMATION_FORMAT = "dwarf-with-dsym";
				ENABLE_STRICT_OBJC_MSGSEND = YES;
				GCC_C_LANGUAGE_STANDARD = gnu99;
				GCC_DYNAMIC_NO_PIC = NO;
				GCC_NO_COMMON_BLOCKS = YES;
				GCC_OPTIMIZATION_LEVEL = 0;
				GCC_PREPROCESSOR_DEFINITIONS = (
					"DEBUG=1",
					"$(inherited)",
				);
				GCC_SYMBOLS_PRIVATE_EXTERN = NO;
				GCC_WARN_64_TO_32_BIT_CONVERSION = YES;
				GCC_WARN_ABOUT_RETURN_TYPE = YES_ERROR;
				GCC_WARN_UNDECLARED_SELECTOR = YES;
				GCC_WARN_UNINITIALIZED_AUTOS = YES_AGGRESSIVE;
				GCC_WARN_UNUSED_FUNCTION = YES;
				GCC_WARN_UNUSED_VARIABLE = YES;
				IPHONEOS_DEPLOYMENT_TARGET = 8.3;
				MTL_ENABLE_DEBUG_INFO = YES;
				ONLY_ACTIVE_ARCH = YES;
				SDKROOT = iphoneos;
				TARGETED_DEVICE_FAMILY = "1,2";
			};
			name = Debug;
		};
		8628879F1B3CEE13009F3235 /* Release */ = {
			isa = XCBuildConfiguration;
			buildSettings = {
				ALWAYS_SEARCH_USER_PATHS = NO;
				CLANG_CXX_LANGUAGE_STANDARD = "gnu++0x";
				CLANG_CXX_LIBRARY = "libc++";
				CLANG_ENABLE_MODULES = YES;
				CLANG_ENABLE_OBJC_ARC = YES;
				CLANG_WARN_BOOL_CONVERSION = YES;
				CLANG_WARN_CONSTANT_CONVERSION = YES;
				CLANG_WARN_DIRECT_OBJC_ISA_USAGE = YES_ERROR;
				CLANG_WARN_EMPTY_BODY = YES;
				CLANG_WARN_ENUM_CONVERSION = YES;
				CLANG_WARN_INT_CONVERSION = YES;
				CLANG_WARN_OBJC_ROOT_CLASS = YES_ERROR;
				CLANG_WARN_UNREACHABLE_CODE = YES;
				CLANG_WARN__DUPLICATE_METHOD_MATCH = YES;
				"CODE_SIGN_IDENTITY[sdk=iphoneos*]" = "iPhone Developer";
				COPY_PHASE_STRIP = NO;
				DEBUG_INFORMATION_FORMAT = "dwarf-with-dsym";
				ENABLE_NS_ASSERTIONS = NO;
				ENABLE_STRICT_OBJC_MSGSEND = YES;
				GCC_C_LANGUAGE_STANDARD = gnu99;
				GCC_NO_COMMON_BLOCKS = YES;
				GCC_WARN_64_TO_32_BIT_CONVERSION = YES;
				GCC_WARN_ABOUT_RETURN_TYPE = YES_ERROR;
				GCC_WARN_UNDECLARED_SELECTOR = YES;
				GCC_WARN_UNINITIALIZED_AUTOS = YES_AGGRESSIVE;
				GCC_WARN_UNUSED_FUNCTION = YES;
				GCC_WARN_UNUSED_VARIABLE = YES;
				IPHONEOS_DEPLOYMENT_TARGET = 8.3;
				MTL_ENABLE_DEBUG_INFO = NO;
				SDKROOT = iphoneos;
				TARGETED_DEVICE_FAMILY = "1,2";
				VALIDATE_PRODUCT = YES;
			};
			name = Release;
		};
		862887A11B3CEE13009F3235 /* Debug */ = {
			isa = XCBuildConfiguration;
			buildSettings = {
				ASSETCATALOG_COMPILER_APPICON_NAME = AppIcon;
				INFOPLIST_FILE = TouchTracker/Info.plist;
				LD_RUNPATH_SEARCH_PATHS = "$(inherited) @executable_path/Frameworks";
				PRODUCT_NAME = "$(TARGET_NAME)";
			};
			name = Debug;
		};
		862887A21B3CEE13009F3235 /* Release */ = {
			isa = XCBuildConfiguration;
			buildSettings = {
				ASSETCATALOG_COMPILER_APPICON_NAME = AppIcon;
				INFOPLIST_FILE = TouchTracker/Info.plist;
				LD_RUNPATH_SEARCH_PATHS = "$(inherited) @executable_path/Frameworks";
				PRODUCT_NAME = "$(TARGET_NAME)";
			};
			name = Release;
		};
		862887A41B3CEE13009F3235 /* Debug */ = {
			isa = XCBuildConfiguration;
			buildSettings = {
				BUNDLE_LOADER = "$(TEST_HOST)";
				FRAMEWORK_SEARCH_PATHS = (
					"$(SDKROOT)/Developer/Library/Frameworks",
					"$(inherited)",
				);
				GCC_PREPROCESSOR_DEFINITIONS = (
					"DEBUG=1",
					"$(inherited)",
				);
				INFOPLIST_FILE = TouchTrackerTests/Info.plist;
				LD_RUNPATH_SEARCH_PATHS = "$(inherited) @executable_path/Frameworks @loader_path/Frameworks";
				PRODUCT_NAME = "$(TARGET_NAME)";
				TEST_HOST = "$(BUILT_PRODUCTS_DIR)/TouchTracker.app/TouchTracker";
			};
			name = Debug;
		};
		862887A51B3CEE13009F3235 /* Release */ = {
			isa = XCBuildConfiguration;
			buildSettings = {
				BUNDLE_LOADER = "$(TEST_HOST)";
				FRAMEWORK_SEARCH_PATHS = (
					"$(SDKROOT)/Developer/Library/Frameworks",
					"$(inherited)",
				);
				INFOPLIST_FILE = TouchTrackerTests/Info.plist;
				LD_RUNPATH_SEARCH_PATHS = "$(inherited) @executable_path/Frameworks @loader_path/Frameworks";
				PRODUCT_NAME = "$(TARGET_NAME)";
				TEST_HOST = "$(BUILT_PRODUCTS_DIR)/TouchTracker.app/TouchTracker";
			};
			name = Release;
		};
/* End XCBuildConfiguration section */

/* Begin XCConfigurationList section */
		862887781B3CEE13009F3235 /* Build configuration list for PBXProject "TouchTracker" */ = {
			isa = XCConfigurationList;
			buildConfigurations = (
				8628879E1B3CEE13009F3235 /* Debug */,
				8628879F1B3CEE13009F3235 /* Release */,
			);
			defaultConfigurationIsVisible = 0;
			defaultConfigurationName = Release;
		};
		862887A01B3CEE13009F3235 /* Build configuration list for PBXNativeTarget "TouchTracker" */ = {
			isa = XCConfigurationList;
			buildConfigurations = (
				862887A11B3CEE13009F3235 /* Debug */,
				862887A21B3CEE13009F3235 /* Release */,
			);
			defaultConfigurationIsVisible = 0;
		};
		862887A31B3CEE13009F3235 /* Build configuration list for PBXNativeTarget "TouchTrackerTests" */ = {
			isa = XCConfigurationList;
			buildConfigurations = (
				862887A41B3CEE13009F3235 /* Debug */,
				862887A51B3CEE13009F3235 /* Release */,
			);
			defaultConfigurationIsVisible = 0;
		};
/* End XCConfigurationList section */
	};
	rootObject = 862887751B3CEE13009F3235 /* Project object */;
}
