// !$*UTF8*$!
{
	archiveVersion = 1;
	classes = {
	};
	objectVersion = 46;
	objects = {

/* Begin PBXBuildFile section */
		86A118ED1B36B52900017E6C /* main.m in Sources */ = {isa = PBXBuildFile; fileRef = 86A118EC1B36B52900017E6C /* main.m */; };
		86A118F01B36B52900017E6C /* AppDelegate.m in Sources */ = {isa = PBXBuildFile; fileRef = 86A118EF1B36B52900017E6C /* AppDelegate.m */; };
		86A1190A1B36B52A00017E6C /* QuizTests.m in Sources */ = {isa = PBXBuildFile; fileRef = 86A119091B36B52A00017E6C /* QuizTests.m */; };
		86A119191B36B71F00017E6C /* QuizViewController.m in Sources */ = {isa = PBXBuildFile; fileRef = 86A119171B36B71F00017E6C /* QuizViewController.m */; };
		86A1191A1B36B71F00017E6C /* QuizViewController.xib in Resources */ = {isa = PBXBuildFile; fileRef = 86A119181B36B71F00017E6C /* QuizViewController.xib */; };
/* End PBXBuildFile section */

/* Begin PBXContainerItemProxy section */
		86A119041B36B52A00017E6C /* PBXContainerItemProxy */ = {
			isa = PBXContainerItemProxy;
			containerPortal = 86A118DF1B36B52900017E6C /* Project object */;
			proxyType = 1;
			remoteGlobalIDString = 86A118E61B36B52900017E6C;
			remoteInfo = Quiz;
		};
/* End PBXContainerItemProxy section */

/* Begin PBXFileReference section */
		86A118E71B36B52900017E6C /* Quiz.app */ = {isa = PBXFileReference; explicitFileType = wrapper.application; includeInIndex = 0; path = Quiz.app; sourceTree = BUILT_PRODUCTS_DIR; };
		86A118EB1B36B52900017E6C /* Info.plist */ = {isa = PBXFileReference; lastKnownFileType = text.plist.xml; path = Info.plist; sourceTree = "<group>"; };
		86A118EC1B36B52900017E6C /* main.m */ = {isa = PBXFileReference; lastKnownFileType = sourcecode.c.objc; path = main.m; sourceTree = "<group>"; };
		86A118EE1B36B52900017E6C /* AppDelegate.h */ = {isa = PBXFileReference; lastKnownFileType = sourcecode.c.h; path = AppDelegate.h; sourceTree = "<group>"; };
		86A118EF1B36B52900017E6C /* AppDelegate.m */ = {isa = PBXFileReference; lastKnownFileType = sourcecode.c.objc; path = AppDelegate.m; sourceTree = "<group>"; };
		86A119031B36B52A00017E6C /* QuizTests.xctest */ = {isa = PBXFileReference; explicitFileType = wrapper.cfbundle; includeInIndex = 0; path = QuizTests.xctest; sourceTree = BUILT_PRODUCTS_DIR; };
		86A119081B36B52A00017E6C /* Info.plist */ = {isa = PBXFileReference; lastKnownFileType = text.plist.xml; path = Info.plist; sourceTree = "<group>"; };
		86A119091B36B52A00017E6C /* QuizTests.m */ = {isa = PBXFileReference; lastKnownFileType = sourcecode.c.objc; path = QuizTests.m; sourceTree = "<group>"; };
		86A119161B36B71F00017E6C /* QuizViewController.h */ = {isa = PBXFileReference; fileEncoding = 4; lastKnownFileType = sourcecode.c.h; path = QuizViewController.h; sourceTree = "<group>"; };
		86A119171B36B71F00017E6C /* QuizViewController.m */ = {isa = PBXFileReference; fileEncoding = 4; lastKnownFileType = sourcecode.c.objc; path = QuizViewController.m; sourceTree = "<group>"; };
		86A119181B36B71F00017E6C /* QuizViewController.xib */ = {isa = PBXFileReference; fileEncoding = 4; lastKnownFileType = file.xib; path = QuizViewController.xib; sourceTree = "<group>"; };
/* End PBXFileReference section */

/* Begin PBXFrameworksBuildPhase section */
		86A118E41B36B52900017E6C /* Frameworks */ = {
			isa = PBXFrameworksBuildPhase;
			buildActionMask = 2147483647;
			files = (
			);
			runOnlyForDeploymentPostprocessing = 0;
		};
		86A119001B36B52A00017E6C /* Frameworks */ = {
			isa = PBXFrameworksBuildPhase;
			buildActionMask = 2147483647;
			files = (
			);
			runOnlyForDeploymentPostprocessing = 0;
		};
/* End PBXFrameworksBuildPhase section */

/* Begin PBXGroup section */
		86A118DE1B36B52900017E6C = {
			isa = PBXGroup;
			children = (
				86A118E91B36B52900017E6C /* Quiz */,
				86A119061B36B52A00017E6C /* QuizTests */,
				86A118E81B36B52900017E6C /* Products */,
			);
			sourceTree = "<group>";
		};
		86A118E81B36B52900017E6C /* Products */ = {
			isa = PBXGroup;
			children = (
				86A118E71B36B52900017E6C /* Quiz.app */,
				86A119031B36B52A00017E6C /* QuizTests.xctest */,
			);
			name = Products;
			sourceTree = "<group>";
		};
		86A118E91B36B52900017E6C /* Quiz */ = {
			isa = PBXGroup;
			children = (
				86A118EE1B36B52900017E6C /* AppDelegate.h */,
				86A118EF1B36B52900017E6C /* AppDelegate.m */,
				86A118EA1B36B52900017E6C /* Supporting Files */,
				86A119161B36B71F00017E6C /* QuizViewController.h */,
				86A119171B36B71F00017E6C /* QuizViewController.m */,
				86A119181B36B71F00017E6C /* QuizViewController.xib */,
			);
			path = Quiz;
			sourceTree = "<group>";
		};
		86A118EA1B36B52900017E6C /* Supporting Files */ = {
			isa = PBXGroup;
			children = (
				86A118EB1B36B52900017E6C /* Info.plist */,
				86A118EC1B36B52900017E6C /* main.m */,
			);
			name = "Supporting Files";
			sourceTree = "<group>";
		};
		86A119061B36B52A00017E6C /* QuizTests */ = {
			isa = PBXGroup;
			children = (
				86A119091B36B52A00017E6C /* QuizTests.m */,
				86A119071B36B52A00017E6C /* Supporting Files */,
			);
			path = QuizTests;
			sourceTree = "<group>";
		};
		86A119071B36B52A00017E6C /* Supporting Files */ = {
			isa = PBXGroup;
			children = (
				86A119081B36B52A00017E6C /* Info.plist */,
			);
			name = "Supporting Files";
			sourceTree = "<group>";
		};
/* End PBXGroup section */

/* Begin PBXNativeTarget section */
		86A118E61B36B52900017E6C /* Quiz */ = {
			isa = PBXNativeTarget;
			buildConfigurationList = 86A1190D1B36B52A00017E6C /* Build configuration list for PBXNativeTarget "Quiz" */;
			buildPhases = (
				86A118E31B36B52900017E6C /* Sources */,
				86A118E41B36B52900017E6C /* Frameworks */,
				86A118E51B36B52900017E6C /* Resources */,
			);
			buildRules = (
			);
			dependencies = (
			);
			name = Quiz;
			productName = Quiz;
			productReference = 86A118E71B36B52900017E6C /* Quiz.app */;
			productType = "com.apple.product-type.application";
		};
		86A119021B36B52A00017E6C /* QuizTests */ = {
			isa = PBXNativeTarget;
			buildConfigurationList = 86A119101B36B52A00017E6C /* Build configuration list for PBXNativeTarget "QuizTests" */;
			buildPhases = (
				86A118FF1B36B52A00017E6C /* Sources */,
				86A119001B36B52A00017E6C /* Frameworks */,
				86A119011B36B52A00017E6C /* Resources */,
			);
			buildRules = (
			);
			dependencies = (
				86A119051B36B52A00017E6C /* PBXTargetDependency */,
			);
			name = QuizTests;
			productName = QuizTests;
			productReference = 86A119031B36B52A00017E6C /* QuizTests.xctest */;
			productType = "com.apple.product-type.bundle.unit-test";
		};
/* End PBXNativeTarget section */

/* Begin PBXProject section */
		86A118DF1B36B52900017E6C /* Project object */ = {
			isa = PBXProject;
			attributes = {
				LastUpgradeCheck = 0630;
				ORGANIZATIONNAME = linroid;
				TargetAttributes = {
					86A118E61B36B52900017E6C = {
						CreatedOnToolsVersion = 6.3.2;
					};
					86A119021B36B52A00017E6C = {
						CreatedOnToolsVersion = 6.3.2;
						TestTargetID = 86A118E61B36B52900017E6C;
					};
				};
			};
			buildConfigurationList = 86A118E21B36B52900017E6C /* Build configuration list for PBXProject "Quiz" */;
			compatibilityVersion = "Xcode 3.2";
			developmentRegion = English;
			hasScannedForEncodings = 0;
			knownRegions = (
				en,
				Base,
			);
			mainGroup = 86A118DE1B36B52900017E6C;
			productRefGroup = 86A118E81B36B52900017E6C /* Products */;
			projectDirPath = "";
			projectRoot = "";
			targets = (
				86A118E61B36B52900017E6C /* Quiz */,
				86A119021B36B52A00017E6C /* QuizTests */,
			);
		};
/* End PBXProject section */

/* Begin PBXResourcesBuildPhase section */
		86A118E51B36B52900017E6C /* Resources */ = {
			isa = PBXResourcesBuildPhase;
			buildActionMask = 2147483647;
			files = (
				86A1191A1B36B71F00017E6C /* QuizViewController.xib in Resources */,
			);
			runOnlyForDeploymentPostprocessing = 0;
		};
		86A119011B36B52A00017E6C /* Resources */ = {
			isa = PBXResourcesBuildPhase;
			buildActionMask = 2147483647;
			files = (
			);
			runOnlyForDeploymentPostprocessing = 0;
		};
/* End PBXResourcesBuildPhase section */

/* Begin PBXSourcesBuildPhase section */
		86A118E31B36B52900017E6C /* Sources */ = {
			isa = PBXSourcesBuildPhase;
			buildActionMask = 2147483647;
			files = (
				86A118F01B36B52900017E6C /* AppDelegate.m in Sources */,
				86A118ED1B36B52900017E6C /* main.m in Sources */,
				86A119191B36B71F00017E6C /* QuizViewController.m in Sources */,
			);
			runOnlyForDeploymentPostprocessing = 0;
		};
		86A118FF1B36B52A00017E6C /* Sources */ = {
			isa = PBXSourcesBuildPhase;
			buildActionMask = 2147483647;
			files = (
				86A1190A1B36B52A00017E6C /* QuizTests.m in Sources */,
			);
			runOnlyForDeploymentPostprocessing = 0;
		};
/* End PBXSourcesBuildPhase section */

/* Begin PBXTargetDependency section */
		86A119051B36B52A00017E6C /* PBXTargetDependency */ = {
			isa = PBXTargetDependency;
			target = 86A118E61B36B52900017E6C /* Quiz */;
			targetProxy = 86A119041B36B52A00017E6C /* PBXContainerItemProxy */;
		};
/* End PBXTargetDependency section */

/* Begin XCBuildConfiguration section */
		86A1190B1B36B52A00017E6C /* Debug */ = {
			isa = XCBuildConfiguration;
			buildSettings = {
				ALWAYS_SEARCH_USER_PATHS = NO;
				CLANG_CXX_LANGUAGE_STANDARD = "gnu++0x";
				CLANG_CXX_LIBRARY = "libc++";
				CLANG_ENABLE_MODULES = YES;
				CLANG_ENABLE_OBJC_ARC = YES;
				CLANG_WARN_BOOL_CONVERSION = YES;
				CLANG_WARN_CONSTANT_CONVERSION = YES;
				CLANG_WARN_DIRECT_OBJC_ISA_USAGE = YES_ERROR;
				CLANG_WARN_EMPTY_BODY = YES;
				CLANG_WARN_ENUM_CONVERSION = YES;
				CLANG_WARN_INT_CONVERSION = YES;
				CLANG_WARN_OBJC_ROOT_CLASS = YES_ERROR;
				CLANG_WARN_UNREACHABLE_CODE = YES;
				CLANG_WARN__DUPLICATE_METHOD_MATCH = YES;
				"CODE_SIGN_IDENTITY[sdk=iphoneos*]" = "iPhone Developer";
				COPY_PHASE_STRIP = NO;
				DEBUG_INFORMATION_FORMAT = "dwarf-with-dsym";
				ENABLE_STRICT_OBJC_MSGSEND = YES;
				GCC_C_LANGUAGE_STANDARD = gnu99;
				GCC_DYNAMIC_NO_PIC = NO;
				GCC_NO_COMMON_BLOCKS = YES;
				GCC_OPTIMIZATION_LEVEL = 0;
				GCC_PREPROCESSOR_DEFINITIONS = (
					"DEBUG=1",
					"$(inherited)",
				);
				GCC_SYMBOLS_PRIVATE_EXTERN = NO;
				GCC_WARN_64_TO_32_BIT_CONVERSION = YES;
				GCC_WARN_ABOUT_RETURN_TYPE = YES_ERROR;
				GCC_WARN_UNDECLARED_SELECTOR = YES;
				GCC_WARN_UNINITIALIZED_AUTOS = YES_AGGRESSIVE;
				GCC_WARN_UNUSED_FUNCTION = YES;
				GCC_WARN_UNUSED_VARIABLE = YES;
				IPHONEOS_DEPLOYMENT_TARGET = 8.3;
				MTL_ENABLE_DEBUG_INFO = YES;
				ONLY_ACTIVE_ARCH = YES;
				SDKROOT = iphoneos;
				TARGETED_DEVICE_FAMILY = "1,2";
			};
			name = Debug;
		};
		86A1190C1B36B52A00017E6C /* Release */ = {
			isa = XCBuildConfiguration;
			buildSettings = {
				ALWAYS_SEARCH_USER_PATHS = NO;
				CLANG_CXX_LANGUAGE_STANDARD = "gnu++0x";
				CLANG_CXX_LIBRARY = "libc++";
				CLANG_ENABLE_MODULES = YES;
				CLANG_ENABLE_OBJC_ARC = YES;
				CLANG_WARN_BOOL_CONVERSION = YES;
				CLANG_WARN_CONSTANT_CONVERSION = YES;
				CLANG_WARN_DIRECT_OBJC_ISA_USAGE = YES_ERROR;
				CLANG_WARN_EMPTY_BODY = YES;
				CLANG_WARN_ENUM_CONVERSION = YES;
				CLANG_WARN_INT_CONVERSION = YES;
				CLANG_WARN_OBJC_ROOT_CLASS = YES_ERROR;
				CLANG_WARN_UNREACHABLE_CODE = YES;
				CLANG_WARN__DUPLICATE_METHOD_MATCH = YES;
				"CODE_SIGN_IDENTITY[sdk=iphoneos*]" = "iPhone Developer";
				COPY_PHASE_STRIP = NO;
				DEBUG_INFORMATION_FORMAT = "dwarf-with-dsym";
				ENABLE_NS_ASSERTIONS = NO;
				ENABLE_STRICT_OBJC_MSGSEND = YES;
				GCC_C_LANGUAGE_STANDARD = gnu99;
				GCC_NO_COMMON_BLOCKS = YES;
				GCC_WARN_64_TO_32_BIT_CONVERSION = YES;
				GCC_WARN_ABOUT_RETURN_TYPE = YES_ERROR;
				GCC_WARN_UNDECLARED_SELECTOR = YES;
				GCC_WARN_UNINITIALIZED_AUTOS = YES_AGGRESSIVE;
				GCC_WARN_UNUSED_FUNCTION = YES;
				GCC_WARN_UNUSED_VARIABLE = YES;
				IPHONEOS_DEPLOYMENT_TARGET = 8.3;
				MTL_ENABLE_DEBUG_INFO = NO;
				SDKROOT = iphoneos;
				TARGETED_DEVICE_FAMILY = "1,2";
				VALIDATE_PRODUCT = YES;
			};
			name = Release;
		};
		86A1190E1B36B52A00017E6C /* Debug */ = {
			isa = XCBuildConfiguration;
			buildSettings = {
				ASSETCATALOG_COMPILER_APPICON_NAME = AppIcon;
				INFOPLIST_FILE = Quiz/Info.plist;
				LD_RUNPATH_SEARCH_PATHS = "$(inherited) @executable_path/Frameworks";
				PRODUCT_NAME = "$(TARGET_NAME)";
			};
			name = Debug;
		};
		86A1190F1B36B52A00017E6C /* Release */ = {
			isa = XCBuildConfiguration;
			buildSettings = {
				ASSETCATALOG_COMPILER_APPICON_NAME = AppIcon;
				INFOPLIST_FILE = Quiz/Info.plist;
				LD_RUNPATH_SEARCH_PATHS = "$(inherited) @executable_path/Frameworks";
				PRODUCT_NAME = "$(TARGET_NAME)";
			};
			name = Release;
		};
		86A119111B36B52A00017E6C /* Debug */ = {
			isa = XCBuildConfiguration;
			buildSettings = {
				BUNDLE_LOADER = "$(TEST_HOST)";
				FRAMEWORK_SEARCH_PATHS = (
					"$(SDKROOT)/Developer/Library/Frameworks",
					"$(inherited)",
				);
				GCC_PREPROCESSOR_DEFINITIONS = (
					"DEBUG=1",
					"$(inherited)",
				);
				INFOPLIST_FILE = QuizTests/Info.plist;
				LD_RUNPATH_SEARCH_PATHS = "$(inherited) @executable_path/Frameworks @loader_path/Frameworks";
				PRODUCT_NAME = "$(TARGET_NAME)";
				TEST_HOST = "$(BUILT_PRODUCTS_DIR)/Quiz.app/Quiz";
			};
			name = Debug;
		};
		86A119121B36B52A00017E6C /* Release */ = {
			isa = XCBuildConfiguration;
			buildSettings = {
				BUNDLE_LOADER = "$(TEST_HOST)";
				FRAMEWORK_SEARCH_PATHS = (
					"$(SDKROOT)/Developer/Library/Frameworks",
					"$(inherited)",
				);
				INFOPLIST_FILE = QuizTests/Info.plist;
				LD_RUNPATH_SEARCH_PATHS = "$(inherited) @executable_path/Frameworks @loader_path/Frameworks";
				PRODUCT_NAME = "$(TARGET_NAME)";
				TEST_HOST = "$(BUILT_PRODUCTS_DIR)/Quiz.app/Quiz";
			};
			name = Release;
		};
/* End XCBuildConfiguration section */

/* Begin XCConfigurationList section */
		86A118E21B36B52900017E6C /* Build configuration list for PBXProject "Quiz" */ = {
			isa = XCConfigurationList;
			buildConfigurations = (
				86A1190B1B36B52A00017E6C /* Debug */,
				86A1190C1B36B52A00017E6C /* Release */,
			);
			defaultConfigurationIsVisible = 0;
			defaultConfigurationName = Release;
		};
		86A1190D1B36B52A00017E6C /* Build configuration list for PBXNativeTarget "Quiz" */ = {
			isa = XCConfigurationList;
			buildConfigurations = (
				86A1190E1B36B52A00017E6C /* Debug */,
				86A1190F1B36B52A00017E6C /* Release */,
			);
			defaultConfigurationIsVisible = 0;
		};
		86A119101B36B52A00017E6C /* Build configuration list for PBXNativeTarget "QuizTests" */ = {
			isa = XCConfigurationList;
			buildConfigurations = (
				86A119111B36B52A00017E6C /* Debug */,
				86A119121B36B52A00017E6C /* Release */,
			);
			defaultConfigurationIsVisible = 0;
		};
/* End XCConfigurationList section */
	};
	rootObject = 86A118DF1B36B52900017E6C /* Project object */;
}
